
Microsoft Visual Studio Solution File, Format Version 12.00
# Visual Studio Version 17
VisualStudioVersion = 17.1.32210.238
MinimumVisualStudioVersion = 10.0.40219.1
Project("{8BC9CEB8-8B4A-11D0-8D11-00A0C91BC942}") = "Sandbox", "Sandbox\Sandbox.vcxproj", "{3707281F-6881-4818-9585-AF98D20423B6}"
EndProject
Project("{8BC9CEB8-8B4A-11D0-8D11-00A0C91BC942}") = "Yuna", "Yuna\Yuna.vcxproj", "{F40BC10B-298F-433A-9F8A-2DEA9AB2B960}"
EndProject
Global
	GlobalSection(SolutionConfigurationPlatforms) = preSolution
		Debug|x64 = Debug|x64
		Release|x64 = Release|x64
	EndGlobalSection
	GlobalSection(ProjectConfigurationPlatforms) = postSolution
		{F40BC10B-298F-433A-9F8A-2DEA9AB2B960}.Debug|x64.ActiveCfg = Debug|x64
		{F40BC10B-298F-433A-9F8A-2DEA9AB2B960}.Debug|x64.Build.0 = Debug|x64
		{F40BC10B-298F-433A-9F8A-2DEA9AB2B960}.Release|x64.ActiveCfg = Release|x64
		{F40BC10B-298F-433A-9F8A-2DEA9AB2B960}.Release|x64.Build.0 = Release|x64
		{3707281F-6881-4818-9585-AF98D20423B6}.Debug|x64.ActiveCfg = Debug|x64
		{3707281F-6881-4818-9585-AF98D20423B6}.Debug|x64.Build.0 = Debug|x64
		{3707281F-6881-4818-9585-AF98D20423B6}.Release|x64.ActiveCfg = Release|x64
		{3707281F-6881-4818-9585-AF98D20423B6}.Release|x64.Build.0 = Release|x64
	EndGlobalSection
	GlobalSection(SolutionProperties) = preSolution
		HideSolutionNode = FALSE
	EndGlobalSection
	GlobalSection(ExtensibilityGlobals) = postSolution
		SolutionGuid = {BE34019D-AD0B-4A09-A949-2BAB153A7D90}
	EndGlobalSection
EndGlobal
