<?xml version="1.0" encoding="utf-8"?>
<Project ToolsVersion="4.0" xmlns="http://schemas.microsoft.com/developer/msbuild/2003">
  <ItemGroup>
    <Filter Include="Yuna">
      <UniqueIdentifier>{82DD8F7C-6E14-910D-1701-771003170D0F}</UniqueIdentifier>
    </Filter>
  </ItemGroup>
  <ItemGroup>
    <ClInclude Include="src\Yuna.h" />
    <ClInclude Include="src\Yuna\Application.h">
      <Filter>Yuna</Filter>
    </ClInclude>
    <ClInclude Include="src\Yuna\Core.h">
      <Filter>Yuna</Filter>
    </ClInclude>
    <ClInclude Include="src\Yuna\EntryPoint.h">
      <Filter>Yuna</Filter>
    </ClInclude>
    <ClInclude Include="src\Yuna\Log.h">
      <Filter>Yuna</Filter>
    </ClInclude>
  </ItemGroup>
  <ItemGroup>
    <ClCompile Include="src\Yuna\Application.cpp">
      <Filter>Yuna</Filter>
    </ClCompile>
    <ClCompile Include="src\Yuna\Log.cpp">
      <Filter>Yuna</Filter>
    </ClCompile>
  </ItemGroup>
</Project>